# This file is automatically @generated by Cargo.
# It is not intended for manual editing.
version = 4

[[package]]
name = "block_device"
version = "0.1.3"
source = "registry+https://github.com/rust-lang/crates.io-index"
checksum = "34debcf14cf4dc2fe9031aa5cbb3b6e05d930a26dcbd657b102270b11456bed6"

[[package]]
name = "blog_os"
version = "0.1.0"
dependencies = [
 "bootloader",
 "fat32",
 "volatile",
]

[[package]]
name = "bootloader"
version = "0.9.29"
source = "registry+https://github.com/rust-lang/crates.io-index"
checksum = "365861702868e2a37b4247aaecc7bd8f4389baec8d025497ad8ba7ff37ee9440"

[[package]]
name = "fat32"
version = "0.2.0"
source = "registry+https://github.com/rust-lang/crates.io-index"
checksum = "04ade4c8dc650037c07d4d1d3329851b8bdbab0da8d2b83ac5d7114174702c17"
dependencies = [
 "block_device",
]

[[package]]
name = "volatile"
version = "0.2.7"
source = "registry+https://github.com/rust-lang/crates.io-index"
checksum = "f6b06ad3ed06fef1713569d547cdbdb439eafed76341820fb0e0344f29a41945"
